github.com/anthonynsimon/bild v0.10.0 h1:Mhqk6Latm2snVkfT2LCjh3ostMBsSlv/YgsQCpgPFSc=
github.com/anthonynsimon/bild v0.10.0/go.mod h1:rY8HbNSqiIVRGquP67cbI8etkQGyCZzQ5Fkp0MdtXCQ=
github.com/atotto/clipboard v0.1.0 h1:pw3q0vqdkRc2qob0PLEZo3NFSQehzW2dgSdbMI75kEs=
github.com/atotto/clipboard v0.1.0/go.mod h1:ZY9tmq7sm5xIbd9bOK4onWV4S6X0u6GY7Vn0Yu86PYI=
github.com/boombuler/barcode v1.0.0 h1:s1TvRnXwL2xJRaccrdcBQMZxq6X7DvsMogtmJeHDdrc=
github.com/boombuler/barcode v1.0.0/go.mod h1:paBWMcWSl3LHKBqUq+rly7CNSldXjb2rDl3JlRe0mD8=
github.com/disintegration/imaging v1.4.2 h1:BSVxoYQ2NfLdvIGCDD8GHgBV5K0FCEsc0d/6FxQII3I=
github.com/disintegration/imaging v1.4.2/go.mod h1:9B/deIUIrliYkyMTuXJd6OUFLcrZ2tf+3Qlwnaf/CjU=
github.com/emersion/go-imap v0.0.0-20170422081100-840b16b212bf h1:pBWaWKwSpy/gHGydmoYvHv8U6COd96ZD5C97sVX0+60=
github.com/emersion/go-imap v0.0.0-20170422081100-840b16b212bf/go.mod h1:oydmHwiyv92ZOiNfQY9BDax5heePWN8P2+W1B2T6qjc=
github.com/emersion/go-sasl v0.0.0-20161116183048-7e096a0a6197 h1:rDJPbyliyym8ZL/Wt71kdolp6yaD4fLIQz638E6JEt0=
github.com/emersion/go-sasl v0.0.0-20161116183048-7e096a0a6197/go.mod h1:G/dpzLu16WtQpBfQ/z3LYiYJn3ZhKSGWn83fyoyQe/k=
github.com/gen2brain/go-fitz v0.0.0-20180416170014-297d6b608808 h1:nBwglOdsXmwoB1Z3tvMMiLEoYAVcsKinXYVvT6Ru5AE=
github.com/gen2brain/go-fitz v0.0.0-20180416170014-297d6b608808/go.mod h1:AEIUBmAFrng2KkeZuPIOlg9jiReLYHo0lVdwhDkz5rk=
github.com/gorilla/schema v1.0.2 h1:sAgNfOcNYvdDSrzGHVy9nzCQahG+qmsg+nE8dK85QRA=
github.com/gorilla/schema v1.0.2/go.mod h1:kgLaKoK1FELgZqMAVxx/5cbj0kT+57qxUrAlIO2eleU=
github.com/jackdanger/collectlinks v0.0.0-20160421202702-24c4ee2870ba h1:FW3g6RfPxRHYFxOAVxad/eKiga8mVEh2YVtD/+FKEr4=
github.com/jackdanger/collectlinks v0.0.0-20160421202702-24c4ee2870ba/go.mod h1:GFVNbU+5FcSghGENDCIOpeTGmhv1IgGDKnViO9DtCbI=
github.com/jessevdk/go-flags v1.4.0 h1:4IU2WS7AumrZ/40jfhf4QVDMsQwqA7VEHozFRrGARJA=
github.com/jessevdk/go-flags v1.4.0/go.mod h1:4FA24M0QyGHXBuZZK/XkWh8h0e1EYbRYJSGM75WSRxI=
github.com/jung-kurt/gofpdf v1.0.0 h1:EroSdlP9BOoL5ssLYf3uLJXhCQMMM2fFxCJDKA3RhnA=
github.com/jung-kurt/gofpdf v1.0.0/go.mod h1:7Id9E/uU8ce6rXgefFLlgrJj/GYY22cpxn+r32jIOes=
github.com/ledongthuc/pdf v0.0.0-20180327031746-fb84fa0e709b h1:8H29U+JUDkdONOg9O8D/Qd+8ZT6QSAX9CEB0BcJpyU8=
github.com/ledongthuc/pdf v0.0.0-20180327031746-fb84fa0e709b/go.mod h1:imJHygn/1yfhB7XSJJKlFZKl/J+dCPAknuiaGOshXAs=
github.com/opesun/goquery v0.0.0-20160908163916-0d77e43213cd h1:taV1toAfzAdRwNWpIB7JMdgX2xL+JT3Rq8GXzyPK1Is=
github.com/opesun/goquery v0.0.0-20160908163916-0d77e43213cd/go.mod h1:XIY7IuxoZH2deZdjIgzLqXlYkOHiwNC+hL1m3vS2A8g=
github.com/schollz/progressbar v1.0.0 h1:gbyFReLHDkZo8mxy/dLWMr+Mpb1MokGJ1FqCiqacjZM=
github.com/schollz/progressbar v1.0.0/go.mod h1:/l9I7PC3L3erOuz54ghIRKUEFcosiWfLvJv+Eq26UMs=
github.com/sfreiberg/gotwilio v0.0.0-20180526023001-a02aa7828f53 h1:btf9YcJf4oN+bVKqkU0zU8IobdhDKTTJjToJrhC1TLM=
github.com/sfreiberg/gotwilio v0.0.0-20180526023001-a02aa7828f53/go.mod h1:60PiR0SAnAcYSiwrXB6BaxeqHdXMf172toCosHfV+Yk=
github.com/tealeg/xlsx v1.0.3 h1:BXsDIQYBPq2HgbwUxrsVXIrnO0BDxmsdUfHSfvwfBuQ=
github.com/tealeg/xlsx v1.0.3/go.mod h1:uxu5UY2ovkuRPWKQ8Q7JG0JbSivrISjdPzZQKeo74mA=
github.com/tebeka/selenium v0.9.3 h1:VhduicmEfSggPSsMAxKXKVQxunJWzSqT86RrQTcvT/I=
github.com/tebeka/selenium v0.9.3/go.mod h1:eIMjt8y9rypiIrlx7TAlwwjiL8pr0uqZYQHUxhA2NNE=
github.com/toqueteos/webbrowser v1.1.0 h1:Prj1okiysRgHPoe3B1bOIVxcv+UuSt525BDQmR5W0x0=
github.com/toqueteos/webbrowser v1.1.0/go.mod h1:Hqqqmzj8AHn+VlZyVjaRWY20i25hoOZGAABCcg2el4A=
golang.org/x/image v0.0.0-20180601115456-af66defab954 h1:n7UB+yxe5jyWxOA3BTAfwi23lhfKEIddaB/so7YOYe0=
golang.org/x/image v0.0.0-20180601115456-af66defab954/go.mod h1:ux5Hcp/YLpHSI86hEcLt0YII63i6oz57MZXIpbrjZUs=
golang.org/x/net v0.0.0-20180530234432-1e491301e022 h1:MVYFTUmVD3/+ERcvRRI+P/C2+WOUimXh+Pd8LVsklZ4=
golang.org/x/net v0.0.0-20180530234432-1e491301e022/go.mod h1:mL1N/T3taQHkDXs73rZJwtUhF3w3ftmwwsq0BUmARs4=
golang.org/x/text v0.3.0 h1:g61tztE5qeGQ89tm6NTjjM9VPIm088od1l6aSorWRWg=
golang.org/x/text v0.3.0/go.mod h1:NqM8EUOU14njkJ3fqMW+pc6Ldnwhi/IjpwHt7yyuwOQ=
