# This file is autogenerated, do not edit; changes may be undone by the next 'dep ensure'.


[[projects]]
  name = "github.com/anthonynsimon/bild"
  packages = [
    "clone",
    "imgio",
    "math/f64",
    "parallel",
    "transform"
  ]
  revision = "35fd1904d43f809ded0959922164885e25577aa2"
  version = "v0.10.0"

[[projects]]
  branch = "master"
  name = "github.com/atotto/clipboard"
  packages = ["."]
  revision = "5e2c7bddca04488284428a201e4a15615f7a5074"

[[projects]]
  name = "github.com/boombuler/barcode"
  packages = [
    ".",
    "qr",
    "utils"
  ]
  revision = "3cfea5ab600ae37946be2b763b8ec2c1cf2d272d"
  version = "v1.0.0"

[[projects]]
  name = "github.com/disintegration/imaging"
  packages = ["."]
  revision = "bbcee2f5c9d5e94ca42c8b50ec847fec64a6c134"
  version = "v1.4.2"

[[projects]]
  name = "github.com/emersion/go-imap"
  packages = [
    ".",
    "client",
    "commands",
    "responses",
    "utf7"
  ]
  revision = "840b16b212bff35b595e708937c6d60861cfab49"
  version = "v0.9"

[[projects]]
  branch = "master"
  name = "github.com/emersion/go-sasl"
  packages = ["."]
  revision = "7e096a0a6197b89989e8cc31016daa67c8c62051"

[[projects]]
  branch = "master"
  name = "github.com/gen2brain/go-fitz"
  packages = ["."]
  revision = "297d6b6088086f9eb8f2c5be84046f9acdc5789a"

[[projects]]
  name = "github.com/gorilla/schema"
  packages = ["."]
  revision = "d0e4c24cff97ae983e9847e0ed5a02dc10013d41"
  version = "v1.0.2"

[[projects]]
  branch = "master"
  name = "github.com/jackdanger/collectlinks"
  packages = ["."]
  revision = "24c4ee2870ba625f927b59de8c421c3f0be82b90"

[[projects]]
  name = "github.com/jessevdk/go-flags"
  packages = ["."]
  revision = "c6ca198ec95c841fdb89fc0de7496fed11ab854e"
  version = "v1.4.0"

[[projects]]
  name = "github.com/jung-kurt/gofpdf"
  packages = ["."]
  revision = "14c1db30737a138f8d9797cffea58783892b2fae"
  version = "v1.0.0"

[[projects]]
  branch = "master"
  name = "github.com/ledongthuc/pdf"
  packages = ["."]
  revision = "fb84fa0e709b8591647ae8b7fb46961271ef151a"

[[projects]]
  branch = "master"
  name = "github.com/opesun/goquery"
  packages = [
    ".",
    "exp/html",
    "exp/html/atom"
  ]
  revision = "0d77e43213cdea88ecac8dd5fbdf10890e373035"

[[projects]]
  name = "github.com/schollz/progressbar"
  packages = ["."]
  revision = "85ec7a0d703ffe58e1243973fb886d91a7a9ef03"
  version = "v2.1.1"

[[projects]]
  branch = "master"
  name = "github.com/sfreiberg/gotwilio"
  packages = ["."]
  revision = "a02aa7828f53b7b069aab32ffda29fb03db64b26"

[[projects]]
  name = "github.com/tealeg/xlsx"
  packages = ["."]
  revision = "8be35264fa75a1bbe954ce51eba04f273e2c59e5"
  version = "v1.0.3"

[[projects]]
  name = "github.com/tebeka/selenium"
  packages = ["."]
  revision = "2ccea6e0c0e7425dd3bb6ab291215e2048fd8743"
  version = "v0.9.3"

[[projects]]
  name = "github.com/toqueteos/webbrowser"
  packages = ["."]
  revision = "3232c91b8ede8ca86e8962981d881af78875542f"
  version = "v1.1.0"

[[projects]]
  branch = "master"
  name = "golang.org/x/image"
  packages = [
    "bmp",
    "tiff",
    "tiff/lzw"
  ]
  revision = "af66defab954cb421ca110193eed9477c8541e2a"

[[projects]]
  branch = "master"
  name = "golang.org/x/net"
  packages = [
    "html",
    "html/atom"
  ]
  revision = "1e491301e022f8f977054da4c2d852decd59571f"

[[projects]]
  name = "golang.org/x/text"
  packages = [
    "encoding",
    "encoding/internal/identifier",
    "internal/gen",
    "transform",
    "unicode/cldr"
  ]
  revision = "f21a4dfb5e38f5895301dc265a8def02365cc3d0"
  version = "v0.3.0"

[solve-meta]
  analyzer-name = "dep"
  analyzer-version = 1
  inputs-digest = "44bc05b2a0797cf1a349079a38013f367965c3537e035f0607c75261038f8a18"
  solver-name = "gps-cdcl"
  solver-version = 1
